// !$*UTF8*$!
{
	archiveVersion = 1;
	classes = {
	};
	objectVersion = 50;
	objects = {

/* Begin PBXBuildFile section */
		BA44277C24457F9300CB7B16 /* MotherView.swift in Sources */ = {isa = PBXBuildFile; fileRef = BA44277B24457F9300CB7B16 /* MotherView.swift */; };
		BA44277E2446327500CB7B16 /* LessonView.swift in Sources */ = {isa = PBXBuildFile; fileRef = BA44277D2446327500CB7B16 /* LessonView.swift */; };
		BA4427802446A89F00CB7B16 /* ViewRouter.swift in Sources */ = {isa = PBXBuildFile; fileRef = BA44277F2446A89F00CB7B16 /* ViewRouter.swift */; };
		BA4427822447B04400CB7B16 /* Badge.swift in Sources */ = {isa = PBXBuildFile; fileRef = BA4427812447B04400CB7B16 /* Badge.swift */; };
		BA4427842447B07300CB7B16 /* HexagonParameters.swift in Sources */ = {isa = PBXBuildFile; fileRef = BA4427832447B07300CB7B16 /* HexagonParameters.swift */; };
		BA7F48A024365D0900C1B3F8 /* AppDelegate.swift in Sources */ = {isa = PBXBuildFile; fileRef = BA7F489F24365D0900C1B3F8 /* AppDelegate.swift */; };
		BA7F48A224365D0900C1B3F8 /* SceneDelegate.swift in Sources */ = {isa = PBXBuildFile; fileRef = BA7F48A124365D0900C1B3F8 /* SceneDelegate.swift */; };
		BA7F48A424365D0900C1B3F8 /* ContentView.swift in Sources */ = {isa = PBXBuildFile; fileRef = BA7F48A324365D0900C1B3F8 /* ContentView.swift */; };
		BA7F48A624365D0C00C1B3F8 /* Assets.xcassets in Resources */ = {isa = PBXBuildFile; fileRef = BA7F48A524365D0C00C1B3F8 /* Assets.xcassets */; };
		BA7F48A924365D0C00C1B3F8 /* Preview Assets.xcassets in Resources */ = {isa = PBXBuildFile; fileRef = BA7F48A824365D0C00C1B3F8 /* Preview Assets.xcassets */; };
		BA7F48AC24365D0C00C1B3F8 /* LaunchScreen.storyboard in Resources */ = {isa = PBXBuildFile; fileRef = BA7F48AA24365D0C00C1B3F8 /* LaunchScreen.storyboard */; };
/* End PBXBuildFile section */

/* Begin PBXFileReference section */
		BA44277B24457F9300CB7B16 /* MotherView.swift */ = {isa = PBXFileReference; lastKnownFileType = sourcecode.swift; path = MotherView.swift; sourceTree = "<group>"; };
		BA44277D2446327500CB7B16 /* LessonView.swift */ = {isa = PBXFileReference; lastKnownFileType = sourcecode.swift; path = LessonView.swift; sourceTree = "<group>"; };
		BA44277F2446A89F00CB7B16 /* ViewRouter.swift */ = {isa = PBXFileReference; lastKnownFileType = sourcecode.swift; path = ViewRouter.swift; sourceTree = "<group>"; };
		BA4427812447B04400CB7B16 /* Badge.swift */ = {isa = PBXFileReference; lastKnownFileType = sourcecode.swift; path = Badge.swift; sourceTree = "<group>"; };
		BA4427832447B07300CB7B16 /* HexagonParameters.swift */ = {isa = PBXFileReference; lastKnownFileType = sourcecode.swift; path = HexagonParameters.swift; sourceTree = "<group>"; };
		BA7F489C24365D0900C1B3F8 /* Synthesize It!.app */ = {isa = PBXFileReference; explicitFileType = wrapper.application; includeInIndex = 0; path = "Synthesize It!.app"; sourceTree = BUILT_PRODUCTS_DIR; };
		BA7F489F24365D0900C1B3F8 /* AppDelegate.swift */ = {isa = PBXFileReference; lastKnownFileType = sourcecode.swift; path = AppDelegate.swift; sourceTree = "<group>"; };
		BA7F48A124365D0900C1B3F8 /* SceneDelegate.swift */ = {isa = PBXFileReference; lastKnownFileType = sourcecode.swift; path = SceneDelegate.swift; sourceTree = "<group>"; };
		BA7F48A324365D0900C1B3F8 /* ContentView.swift */ = {isa = PBXFileReference; lastKnownFileType = sourcecode.swift; path = ContentView.swift; sourceTree = "<group>"; };
		BA7F48A524365D0C00C1B3F8 /* Assets.xcassets */ = {isa = PBXFileReference; lastKnownFileType = folder.assetcatalog; path = Assets.xcassets; sourceTree = "<group>"; };
		BA7F48A824365D0C00C1B3F8 /* Preview Assets.xcassets */ = {isa = PBXFileReference; lastKnownFileType = folder.assetcatalog; path = "Preview Assets.xcassets"; sourceTree = "<group>"; };
		BA7F48AB24365D0C00C1B3F8 /* Base */ = {isa = PBXFileReference; lastKnownFileType = file.storyboard; name = Base; path = Base.lproj/LaunchScreen.storyboard; sourceTree = "<group>"; };
		BA7F48AD24365D0C00C1B3F8 /* Info.plist */ = {isa = PBXFileReference; lastKnownFileType = text.plist.xml; path = Info.plist; sourceTree = "<group>"; };
/* End PBXFileReference section */

/* Begin PBXFrameworksBuildPhase section */
		BA7F489924365D0900C1B3F8 /* Frameworks */ = {
			isa = PBXFrameworksBuildPhase;
			buildActionMask = 2147483647;
			files = (
			);
			runOnlyForDeploymentPostprocessing = 0;
		};
/* End PBXFrameworksBuildPhase section */

/* Begin PBXGroup section */
		BA7F489324365D0900C1B3F8 = {
			isa = PBXGroup;
			children = (
				BA7F489E24365D0900C1B3F8 /* Synthesize It! */,
				BA7F489D24365D0900C1B3F8 /* Products */,
			);
			sourceTree = "<group>";
		};
		BA7F489D24365D0900C1B3F8 /* Products */ = {
			isa = PBXGroup;
			children = (
				BA7F489C24365D0900C1B3F8 /* Synthesize It!.app */,
			);
			name = Products;
			sourceTree = "<group>";
		};
		BA7F489E24365D0900C1B3F8 /* Synthesize It! */ = {
			isa = PBXGroup;
			children = (
				BA7F489F24365D0900C1B3F8 /* AppDelegate.swift */,
				BA7F48A124365D0900C1B3F8 /* SceneDelegate.swift */,
				BA7F48A324365D0900C1B3F8 /* ContentView.swift */,
				BA44277D2446327500CB7B16 /* LessonView.swift */,
				BA44277B24457F9300CB7B16 /* MotherView.swift */,
				BA4427812447B04400CB7B16 /* Badge.swift */,
				BA4427832447B07300CB7B16 /* HexagonParameters.swift */,
				BA44277F2446A89F00CB7B16 /* ViewRouter.swift */,
				BA7F48A524365D0C00C1B3F8 /* Assets.xcassets */,
				BA7F48AA24365D0C00C1B3F8 /* LaunchScreen.storyboard */,
				BA7F48AD24365D0C00C1B3F8 /* Info.plist */,
				BA7F48A724365D0C00C1B3F8 /* Preview Content */,
			);
			path = "Synthesize It!";
			sourceTree = "<group>";
		};
		BA7F48A724365D0C00C1B3F8 /* Preview Content */ = {
			isa = PBXGroup;
			children = (
				BA7F48A824365D0C00C1B3F8 /* Preview Assets.xcassets */,
			);
			path = "Preview Content";
			sourceTree = "<group>";
		};
/* End PBXGroup section */

/* Begin PBXNativeTarget section */
		BA7F489B24365D0900C1B3F8 /* Synthesize It! */ = {
			isa = PBXNativeTarget;
			buildConfigurationList = BA7F48B024365D0C00C1B3F8 /* Build configuration list for PBXNativeTarget "Synthesize It!" */;
			buildPhases = (
				BA7F489824365D0900C1B3F8 /* Sources */,
				BA7F489924365D0900C1B3F8 /* Frameworks */,
				BA7F489A24365D0900C1B3F8 /* Resources */,
			);
			buildRules = (
			);
			dependencies = (
			);
			name = "Synthesize It!";
			productName = "Synthesize It!";
			productReference = BA7F489C24365D0900C1B3F8 /* Synthesize It!.app */;
			productType = "com.apple.product-type.application";
		};
/* End PBXNativeTarget section */

/* Begin PBXProject section */
		BA7F489424365D0900C1B3F8 /* Project object */ = {
			isa = PBXProject;
			attributes = {
				LastSwiftUpdateCheck = 1140;
				LastUpgradeCheck = 1140;
				TargetAttributes = {
					BA7F489B24365D0900C1B3F8 = {
						CreatedOnToolsVersion = 11.4;
					};
				};
			};
			buildConfigurationList = BA7F489724365D0900C1B3F8 /* Build configuration list for PBXProject "Synthesize It!" */;
			compatibilityVersion = "Xcode 9.3";
			developmentRegion = en;
			hasScannedForEncodings = 0;
			knownRegions = (
				en,
				Base,
			);
			mainGroup = BA7F489324365D0900C1B3F8;
			productRefGroup = BA7F489D24365D0900C1B3F8 /* Products */;
			projectDirPath = "";
			projectRoot = "";
			targets = (
				BA7F489B24365D0900C1B3F8 /* Synthesize It! */,
			);
		};
/* End PBXProject section */

/* Begin PBXResourcesBuildPhase section */
		BA7F489A24365D0900C1B3F8 /* Resources */ = {
			isa = PBXResourcesBuildPhase;
			buildActionMask = 2147483647;
			files = (
				BA7F48AC24365D0C00C1B3F8 /* LaunchScreen.storyboard in Resources */,
				BA7F48A924365D0C00C1B3F8 /* Preview Assets.xcassets in Resources */,
				BA7F48A624365D0C00C1B3F8 /* Assets.xcassets in Resources */,
			);
			runOnlyForDeploymentPostprocessing = 0;
		};
/* End PBXResourcesBuildPhase section */

/* Begin PBXSourcesBuildPhase section */
		BA7F489824365D0900C1B3F8 /* Sources */ = {
			isa = PBXSourcesBuildPhase;
			buildActionMask = 2147483647;
			files = (
				BA4427842447B07300CB7B16 /* HexagonParameters.swift in Sources */,
				BA4427822447B04400CB7B16 /* Badge.swift in Sources */,
				BA7F48A024365D0900C1B3F8 /* AppDelegate.swift in Sources */,
				BA44277C24457F9300CB7B16 /* MotherView.swift in Sources */,
				BA44277E2446327500CB7B16 /* LessonView.swift in Sources */,
				BA4427802446A89F00CB7B16 /* ViewRouter.swift in Sources */,
				BA7F48A224365D0900C1B3F8 /* SceneDelegate.swift in Sources */,
				BA7F48A424365D0900C1B3F8 /* ContentView.swift in Sources */,
			);
			runOnlyForDeploymentPostprocessing = 0;
		};
/* End PBXSourcesBuildPhase section */

/* Begin PBXVariantGroup section */
		BA7F48AA24365D0C00C1B3F8 /* LaunchScreen.storyboard */ = {
			isa = PBXVariantGroup;
			children = (
				BA7F48AB24365D0C00C1B3F8 /* Base */,
			);
			name = LaunchScreen.storyboard;
			sourceTree = "<group>";
		};
/* End PBXVariantGroup section */

/* Begin XCBuildConfiguration section */
		BA7F48AE24365D0C00C1B3F8 /* Debug */ = {
			isa = XCBuildConfiguration;
			buildSettings = {
				ALWAYS_SEARCH_USER_PATHS = NO;
				CLANG_ANALYZER_NONNULL = YES;
				CLANG_ANALYZER_NUMBER_OBJECT_CONVERSION = YES_AGGRESSIVE;
				CLANG_CXX_LANGUAGE_STANDARD = "gnu++14";
				CLANG_CXX_LIBRARY = "libc++";
				CLANG_ENABLE_MODULES = YES;
				CLANG_ENABLE_OBJC_ARC = YES;
				CLANG_ENABLE_OBJC_WEAK = YES;
				CLANG_WARN_BLOCK_CAPTURE_AUTORELEASING = YES;
				CLANG_WARN_BOOL_CONVERSION = YES;
				CLANG_WARN_COMMA = YES;
				CLANG_WARN_CONSTANT_CONVERSION = YES;
				CLANG_WARN_DEPRECATED_OBJC_IMPLEMENTATIONS = YES;
				CLANG_WARN_DIRECT_OBJC_ISA_USAGE = YES_ERROR;
				CLANG_WARN_DOCUMENTATION_COMMENTS = YES;
				CLANG_WARN_EMPTY_BODY = YES;
				CLANG_WARN_ENUM_CONVERSION = YES;
				CLANG_WARN_INFINITE_RECURSION = YES;
				CLANG_WARN_INT_CONVERSION = YES;
				CLANG_WARN_NON_LITERAL_NULL_CONVERSION = YES;
				CLANG_WARN_OBJC_IMPLICIT_RETAIN_SELF = YES;
				CLANG_WARN_OBJC_LITERAL_CONVERSION = YES;
				CLANG_WARN_OBJC_ROOT_CLASS = YES_ERROR;
				CLANG_WARN_RANGE_LOOP_ANALYSIS = YES;
				CLANG_WARN_STRICT_PROTOTYPES = YES;
				CLANG_WARN_SUSPICIOUS_MOVE = YES;
				CLANG_WARN_UNGUARDED_AVAILABILITY = YES_AGGRESSIVE;
				CLANG_WARN_UNREACHABLE_CODE = YES;
				CLANG_WARN__DUPLICATE_METHOD_MATCH = YES;
				COPY_PHASE_STRIP = NO;
				DEBUG_INFORMATION_FORMAT = dwarf;
				ENABLE_STRICT_OBJC_MSGSEND = YES;
				ENABLE_TESTABILITY = YES;
				GCC_C_LANGUAGE_STANDARD = gnu11;
				GCC_DYNAMIC_NO_PIC = NO;
				GCC_NO_COMMON_BLOCKS = YES;
				GCC_OPTIMIZATION_LEVEL = 0;
				GCC_PREPROCESSOR_DEFINITIONS = (
					"DEBUG=1",
					"$(inherited)",
				);
				GCC_WARN_64_TO_32_BIT_CONVERSION = YES;
				GCC_WARN_ABOUT_RETURN_TYPE = YES_ERROR;
				GCC_WARN_UNDECLARED_SELECTOR = YES;
				GCC_WARN_UNINITIALIZED_AUTOS = YES_AGGRESSIVE;
				GCC_WARN_UNUSED_FUNCTION = YES;
				GCC_WARN_UNUSED_VARIABLE = YES;
				IPHONEOS_DEPLOYMENT_TARGET = 13.4;
				MTL_ENABLE_DEBUG_INFO = INCLUDE_SOURCE;
				MTL_FAST_MATH = YES;
				ONLY_ACTIVE_ARCH = YES;
				SDKROOT = iphoneos;
				SWIFT_ACTIVE_COMPILATION_CONDITIONS = DEBUG;
				SWIFT_OPTIMIZATION_LEVEL = "-Onone";
			};
			name = Debug;
		};
		BA7F48AF24365D0C00C1B3F8 /* Release */ = {
			isa = XCBuildConfiguration;
			buildSettings = {
				ALWAYS_SEARCH_USER_PATHS = NO;
				CLANG_ANALYZER_NONNULL = YES;
				CLANG_ANALYZER_NUMBER_OBJECT_CONVERSION = YES_AGGRESSIVE;
				CLANG_CXX_LANGUAGE_STANDARD = "gnu++14";
				CLANG_CXX_LIBRARY = "libc++";
				CLANG_ENABLE_MODULES = YES;
				CLANG_ENABLE_OBJC_ARC = YES;
				CLANG_ENABLE_OBJC_WEAK = YES;
				CLANG_WARN_BLOCK_CAPTURE_AUTORELEASING = YES;
				CLANG_WARN_BOOL_CONVERSION = YES;
				CLANG_WARN_COMMA = YES;
				CLANG_WARN_CONSTANT_CONVERSION = YES;
				CLANG_WARN_DEPRECATED_OBJC_IMPLEMENTATIONS = YES;
				CLANG_WARN_DIRECT_OBJC_ISA_USAGE = YES_ERROR;
				CLANG_WARN_DOCUMENTATION_COMMENTS = YES;
				CLANG_WARN_EMPTY_BODY = YES;
				CLANG_WARN_ENUM_CONVERSION = YES;
				CLANG_WARN_INFINITE_RECURSION = YES;
				CLANG_WARN_INT_CONVERSION = YES;
				CLANG_WARN_NON_LITERAL_NULL_CONVERSION = YES;
				CLANG_WARN_OBJC_IMPLICIT_RETAIN_SELF = YES;
				CLANG_WARN_OBJC_LITERAL_CONVERSION = YES;
				CLANG_WARN_OBJC_ROOT_CLASS = YES_ERROR;
				CLANG_WARN_RANGE_LOOP_ANALYSIS = YES;
				CLANG_WARN_STRICT_PROTOTYPES = YES;
				CLANG_WARN_SUSPICIOUS_MOVE = YES;
				CLANG_WARN_UNGUARDED_AVAILABILITY = YES_AGGRESSIVE;
				CLANG_WARN_UNREACHABLE_CODE = YES;
				CLANG_WARN__DUPLICATE_METHOD_MATCH = YES;
				COPY_PHASE_STRIP = NO;
				DEBUG_INFORMATION_FORMAT = "dwarf-with-dsym";
				ENABLE_NS_ASSERTIONS = NO;
				ENABLE_STRICT_OBJC_MSGSEND = YES;
				GCC_C_LANGUAGE_STANDARD = gnu11;
				GCC_NO_COMMON_BLOCKS = YES;
				GCC_WARN_64_TO_32_BIT_CONVERSION = YES;
				GCC_WARN_ABOUT_RETURN_TYPE = YES_ERROR;
				GCC_WARN_UNDECLARED_SELECTOR = YES;
				GCC_WARN_UNINITIALIZED_AUTOS = YES_AGGRESSIVE;
				GCC_WARN_UNUSED_FUNCTION = YES;
				GCC_WARN_UNUSED_VARIABLE = YES;
				IPHONEOS_DEPLOYMENT_TARGET = 13.4;
				MTL_ENABLE_DEBUG_INFO = NO;
				MTL_FAST_MATH = YES;
				SDKROOT = iphoneos;
				SWIFT_COMPILATION_MODE = wholemodule;
				SWIFT_OPTIMIZATION_LEVEL = "-O";
				VALIDATE_PRODUCT = YES;
			};
			name = Release;
		};
		BA7F48B124365D0C00C1B3F8 /* Debug */ = {
			isa = XCBuildConfiguration;
			buildSettings = {
				ASSETCATALOG_COMPILER_APPICON_NAME = AppIcon;
				CODE_SIGN_STYLE = Automatic;
				DEVELOPMENT_ASSET_PATHS = "\"Synthesize It!/Preview Content\"";
				DEVELOPMENT_TEAM = 49S62L6F38;
				ENABLE_PREVIEWS = YES;
				INFOPLIST_FILE = "Synthesize It!/Info.plist";
				LD_RUNPATH_SEARCH_PATHS = (
					"$(inherited)",
					"@executable_path/Frameworks",
				);
				PRODUCT_BUNDLE_IDENTIFIER = "HRS.Synthesize-It-";
				PRODUCT_NAME = "$(TARGET_NAME)";
				SWIFT_VERSION = 5.0;
				TARGETED_DEVICE_FAMILY = "1,2";
			};
			name = Debug;
		};
		BA7F48B224365D0C00C1B3F8 /* Release */ = {
			isa = XCBuildConfiguration;
			buildSettings = {
				ASSETCATALOG_COMPILER_APPICON_NAME = AppIcon;
				CODE_SIGN_STYLE = Automatic;
				DEVELOPMENT_ASSET_PATHS = "\"Synthesize It!/Preview Content\"";
				DEVELOPMENT_TEAM = 49S62L6F38;
				ENABLE_PREVIEWS = YES;
				INFOPLIST_FILE = "Synthesize It!/Info.plist";
				LD_RUNPATH_SEARCH_PATHS = (
					"$(inherited)",
					"@executable_path/Frameworks",
				);
				PRODUCT_BUNDLE_IDENTIFIER = "HRS.Synthesize-It-";
				PRODUCT_NAME = "$(TARGET_NAME)";
				SWIFT_VERSION = 5.0;
				TARGETED_DEVICE_FAMILY = "1,2";
			};
			name = Release;
		};
/* End XCBuildConfiguration section */

/* Begin XCConfigurationList section */
		BA7F489724365D0900C1B3F8 /* Build configuration list for PBXProject "Synthesize It!" */ = {
			isa = XCConfigurationList;
			buildConfigurations = (
				BA7F48AE24365D0C00C1B3F8 /* Debug */,
				BA7F48AF24365D0C00C1B3F8 /* Release */,
			);
			defaultConfigurationIsVisible = 0;
			defaultConfigurationName = Release;
		};
		BA7F48B024365D0C00C1B3F8 /* Build configuration list for PBXNativeTarget "Synthesize It!" */ = {
			isa = XCConfigurationList;
			buildConfigurations = (
				BA7F48B124365D0C00C1B3F8 /* Debug */,
				BA7F48B224365D0C00C1B3F8 /* Release */,
			);
			defaultConfigurationIsVisible = 0;
			defaultConfigurationName = Release;
		};
/* End XCConfigurationList section */
	};
	rootObject = BA7F489424365D0900C1B3F8 /* Project object */;
}
